github.com/echocat/slf4g v1.9.0 h1:LtQP6MlMsDYIaGtvY0w1PdNAnssmLlVesg/GRxVok7A=
github.com/echocat/slf4g v1.9.0/go.mod h1:WhUEWD/lCkvO5jYIXV7Y4Iaam2t2rKfRHUJf73ef3TI=
github.com/go-logr/logr v1.4.4 h1:tG4xh9yMsRCAiodLVTxyrkzSZ9+o0L1Kg/+cPVcbP/8=
github.com/go-logr/logr v1.4.4/go.mod h1:9T104GzyrTigFIr8wt5mBrctHMim0Nb2HLGrmQ40KvY=
