github.com/echocat/slf4g v1.8.4 h1:wWHO1xJRtzzWrgKUnmTA8CEv/SL+pJTzkyPbnKh1apA=
github.com/echocat/slf4g v1.8.4/go.mod h1:YvF/d1TcPvT+/xiHStLHPI4xPT1GGeEmPczn2MSljNA=
github.com/go-logr/logr v1.4.4 h1:tG4xh9yMsRCAiodLVTxyrkzSZ9+o0L1Kg/+cPVcbP/8=
github.com/go-logr/logr v1.4.4/go.mod h1:9T104GzyrTigFIr8wt5mBrctHMim0Nb2HLGrmQ40KvY=
